// !$*UTF8*$!
{
	archiveVersion = 1;
	classes = {
	};
	objectVersion = 56;
	objects = {

/* Begin PBXBuildFile section */
		5278D7EB2B9C520D0050B5AB /* AppDelegate.swift in Sources */ = {isa = PBXBuildFile; fileRef = 5278D7EA2B9C520D0050B5AB /* AppDelegate.swift */; };
		5278D7ED2B9C520D0050B5AB /* SceneDelegate.swift in Sources */ = {isa = PBXBuildFile; fileRef = 5278D7EC2B9C520D0050B5AB /* SceneDelegate.swift */; };
		5278D7EF2B9C520D0050B5AB /* ViewController.swift in Sources */ = {isa = PBXBuildFile; fileRef = 5278D7EE2B9C520D0050B5AB /* ViewController.swift */; };
		5278D7F22B9C520D0050B5AB /* Main.storyboard in Resources */ = {isa = PBXBuildFile; fileRef = 5278D7F02B9C520D0050B5AB /* Main.storyboard */; };
		5278D7F42B9C520E0050B5AB /* Assets.xcassets in Resources */ = {isa = PBXBuildFile; fileRef = 5278D7F32B9C520E0050B5AB /* Assets.xcassets */; };
		5278D7F72B9C520E0050B5AB /* LaunchScreen.storyboard in Resources */ = {isa = PBXBuildFile; fileRef = 5278D7F52B9C520E0050B5AB /* LaunchScreen.storyboard */; };
		5278D8022B9C520E0050B5AB /* IOS_Devlopment_CourseTests.swift in Sources */ = {isa = PBXBuildFile; fileRef = 5278D8012B9C520E0050B5AB /* IOS_Devlopment_CourseTests.swift */; };
		5278D80C2B9C520E0050B5AB /* IOS_Devlopment_CourseUITests.swift in Sources */ = {isa = PBXBuildFile; fileRef = 5278D80B2B9C520E0050B5AB /* IOS_Devlopment_CourseUITests.swift */; };
		5278D80E2B9C520E0050B5AB /* IOS_Devlopment_CourseUITestsLaunchTests.swift in Sources */ = {isa = PBXBuildFile; fileRef = 5278D80D2B9C520E0050B5AB /* IOS_Devlopment_CourseUITestsLaunchTests.swift */; };
/* End PBXBuildFile section */

/* Begin PBXContainerItemProxy section */
		5278D7FE2B9C520E0050B5AB /* PBXContainerItemProxy */ = {
			isa = PBXContainerItemProxy;
			containerPortal = 5278D7DF2B9C520D0050B5AB /* Project object */;
			proxyType = 1;
			remoteGlobalIDString = 5278D7E62B9C520D0050B5AB;
			remoteInfo = IOS_Devlopment_Course;
		};
		5278D8082B9C520E0050B5AB /* PBXContainerItemProxy */ = {
			isa = PBXContainerItemProxy;
			containerPortal = 5278D7DF2B9C520D0050B5AB /* Project object */;
			proxyType = 1;
			remoteGlobalIDString = 5278D7E62B9C520D0050B5AB;
			remoteInfo = IOS_Devlopment_Course;
		};
/* End PBXContainerItemProxy section */

/* Begin PBXFileReference section */
		5278D7E72B9C520D0050B5AB /* IOS_Devlopment_Course.app */ = {isa = PBXFileReference; explicitFileType = wrapper.application; includeInIndex = 0; path = IOS_Devlopment_Course.app; sourceTree = BUILT_PRODUCTS_DIR; };
		5278D7EA2B9C520D0050B5AB /* AppDelegate.swift */ = {isa = PBXFileReference; lastKnownFileType = sourcecode.swift; path = AppDelegate.swift; sourceTree = "<group>"; };
		5278D7EC2B9C520D0050B5AB /* SceneDelegate.swift */ = {isa = PBXFileReference; lastKnownFileType = sourcecode.swift; path = SceneDelegate.swift; sourceTree = "<group>"; };
		5278D7EE2B9C520D0050B5AB /* ViewController.swift */ = {isa = PBXFileReference; lastKnownFileType = sourcecode.swift; path = ViewController.swift; sourceTree = "<group>"; };
		5278D7F12B9C520D0050B5AB /* Base */ = {isa = PBXFileReference; lastKnownFileType = file.storyboard; name = Base; path = Base.lproj/Main.storyboard; sourceTree = "<group>"; };
		5278D7F32B9C520E0050B5AB /* Assets.xcassets */ = {isa = PBXFileReference; lastKnownFileType = folder.assetcatalog; path = Assets.xcassets; sourceTree = "<group>"; };
		5278D7F62B9C520E0050B5AB /* Base */ = {isa = PBXFileReference; lastKnownFileType = file.storyboard; name = Base; path = Base.lproj/LaunchScreen.storyboard; sourceTree = "<group>"; };
		5278D7F82B9C520E0050B5AB /* Info.plist */ = {isa = PBXFileReference; lastKnownFileType = text.plist.xml; path = Info.plist; sourceTree = "<group>"; };
		5278D7FD2B9C520E0050B5AB /* IOS_Devlopment_CourseTests.xctest */ = {isa = PBXFileReference; explicitFileType = wrapper.cfbundle; includeInIndex = 0; path = IOS_Devlopment_CourseTests.xctest; sourceTree = BUILT_PRODUCTS_DIR; };
		5278D8012B9C520E0050B5AB /* IOS_Devlopment_CourseTests.swift */ = {isa = PBXFileReference; lastKnownFileType = sourcecode.swift; path = IOS_Devlopment_CourseTests.swift; sourceTree = "<group>"; };
		5278D8072B9C520E0050B5AB /* IOS_Devlopment_CourseUITests.xctest */ = {isa = PBXFileReference; explicitFileType = wrapper.cfbundle; includeInIndex = 0; path = IOS_Devlopment_CourseUITests.xctest; sourceTree = BUILT_PRODUCTS_DIR; };
		5278D80B2B9C520E0050B5AB /* IOS_Devlopment_CourseUITests.swift */ = {isa = PBXFileReference; lastKnownFileType = sourcecode.swift; path = IOS_Devlopment_CourseUITests.swift; sourceTree = "<group>"; };
		5278D80D2B9C520E0050B5AB /* IOS_Devlopment_CourseUITestsLaunchTests.swift */ = {isa = PBXFileReference; lastKnownFileType = sourcecode.swift; path = IOS_Devlopment_CourseUITestsLaunchTests.swift; sourceTree = "<group>"; };
/* End PBXFileReference section */

/* Begin PBXFrameworksBuildPhase section */
		5278D7E42B9C520D0050B5AB /* Frameworks */ = {
			isa = PBXFrameworksBuildPhase;
			buildActionMask = 2147483647;
			files = (
			);
			runOnlyForDeploymentPostprocessing = 0;
		};
		5278D7FA2B9C520E0050B5AB /* Frameworks */ = {
			isa = PBXFrameworksBuildPhase;
			buildActionMask = 2147483647;
			files = (
			);
			runOnlyForDeploymentPostprocessing = 0;
		};
		5278D8042B9C520E0050B5AB /* Frameworks */ = {
			isa = PBXFrameworksBuildPhase;
			buildActionMask = 2147483647;
			files = (
			);
			runOnlyForDeploymentPostprocessing = 0;
		};
/* End PBXFrameworksBuildPhase section */

/* Begin PBXGroup section */
		5278D7DE2B9C520D0050B5AB = {
			isa = PBXGroup;
			children = (
				5278D7E92B9C520D0050B5AB /* IOS_Devlopment_Course */,
				5278D8002B9C520E0050B5AB /* IOS_Devlopment_CourseTests */,
				5278D80A2B9C520E0050B5AB /* IOS_Devlopment_CourseUITests */,
				5278D7E82B9C520D0050B5AB /* Products */,
			);
			sourceTree = "<group>";
		};
		5278D7E82B9C520D0050B5AB /* Products */ = {
			isa = PBXGroup;
			children = (
				5278D7E72B9C520D0050B5AB /* IOS_Devlopment_Course.app */,
				5278D7FD2B9C520E0050B5AB /* IOS_Devlopment_CourseTests.xctest */,
				5278D8072B9C520E0050B5AB /* IOS_Devlopment_CourseUITests.xctest */,
			);
			name = Products;
			sourceTree = "<group>";
		};
		5278D7E92B9C520D0050B5AB /* IOS_Devlopment_Course */ = {
			isa = PBXGroup;
			children = (
				5278D7EA2B9C520D0050B5AB /* AppDelegate.swift */,
				5278D7EC2B9C520D0050B5AB /* SceneDelegate.swift */,
				5278D7EE2B9C520D0050B5AB /* ViewController.swift */,
				5278D7F02B9C520D0050B5AB /* Main.storyboard */,
				5278D7F32B9C520E0050B5AB /* Assets.xcassets */,
				5278D7F52B9C520E0050B5AB /* LaunchScreen.storyboard */,
				5278D7F82B9C520E0050B5AB /* Info.plist */,
			);
			path = IOS_Devlopment_Course;
			sourceTree = "<group>";
		};
		5278D8002B9C520E0050B5AB /* IOS_Devlopment_CourseTests */ = {
			isa = PBXGroup;
			children = (
				5278D8012B9C520E0050B5AB /* IOS_Devlopment_CourseTests.swift */,
			);
			path = IOS_Devlopment_CourseTests;
			sourceTree = "<group>";
		};
		5278D80A2B9C520E0050B5AB /* IOS_Devlopment_CourseUITests */ = {
			isa = PBXGroup;
			children = (
				5278D80B2B9C520E0050B5AB /* IOS_Devlopment_CourseUITests.swift */,
				5278D80D2B9C520E0050B5AB /* IOS_Devlopment_CourseUITestsLaunchTests.swift */,
			);
			path = IOS_Devlopment_CourseUITests;
			sourceTree = "<group>";
		};
/* End PBXGroup section */

/* Begin PBXNativeTarget section */
		5278D7E62B9C520D0050B5AB /* IOS_Devlopment_Course */ = {
			isa = PBXNativeTarget;
			buildConfigurationList = 5278D8112B9C520E0050B5AB /* Build configuration list for PBXNativeTarget "IOS_Devlopment_Course" */;
			buildPhases = (
				5278D7E32B9C520D0050B5AB /* Sources */,
				5278D7E42B9C520D0050B5AB /* Frameworks */,
				5278D7E52B9C520D0050B5AB /* Resources */,
			);
			buildRules = (
			);
			dependencies = (
			);
			name = IOS_Devlopment_Course;
			productName = IOS_Devlopment_Course;
			productReference = 5278D7E72B9C520D0050B5AB /* IOS_Devlopment_Course.app */;
			productType = "com.apple.product-type.application";
		};
		5278D7FC2B9C520E0050B5AB /* IOS_Devlopment_CourseTests */ = {
			isa = PBXNativeTarget;
			buildConfigurationList = 5278D8142B9C520E0050B5AB /* Build configuration list for PBXNativeTarget "IOS_Devlopment_CourseTests" */;
			buildPhases = (
				5278D7F92B9C520E0050B5AB /* Sources */,
				5278D7FA2B9C520E0050B5AB /* Frameworks */,
				5278D7FB2B9C520E0050B5AB /* Resources */,
			);
			buildRules = (
			);
			dependencies = (
				5278D7FF2B9C520E0050B5AB /* PBXTargetDependency */,
			);
			name = IOS_Devlopment_CourseTests;
			productName = IOS_Devlopment_CourseTests;
			productReference = 5278D7FD2B9C520E0050B5AB /* IOS_Devlopment_CourseTests.xctest */;
			productType = "com.apple.product-type.bundle.unit-test";
		};
		5278D8062B9C520E0050B5AB /* IOS_Devlopment_CourseUITests */ = {
			isa = PBXNativeTarget;
			buildConfigurationList = 5278D8172B9C520E0050B5AB /* Build configuration list for PBXNativeTarget "IOS_Devlopment_CourseUITests" */;
			buildPhases = (
				5278D8032B9C520E0050B5AB /* Sources */,
				5278D8042B9C520E0050B5AB /* Frameworks */,
				5278D8052B9C520E0050B5AB /* Resources */,
			);
			buildRules = (
			);
			dependencies = (
				5278D8092B9C520E0050B5AB /* PBXTargetDependency */,
			);
			name = IOS_Devlopment_CourseUITests;
			productName = IOS_Devlopment_CourseUITests;
			productReference = 5278D8072B9C520E0050B5AB /* IOS_Devlopment_CourseUITests.xctest */;
			productType = "com.apple.product-type.bundle.ui-testing";
		};
/* End PBXNativeTarget section */

/* Begin PBXProject section */
		5278D7DF2B9C520D0050B5AB /* Project object */ = {
			isa = PBXProject;
			attributes = {
				BuildIndependentTargetsInParallel = 1;
				LastSwiftUpdateCheck = 1430;
				LastUpgradeCheck = 1430;
				TargetAttributes = {
					5278D7E62B9C520D0050B5AB = {
						CreatedOnToolsVersion = 14.3.1;
					};
					5278D7FC2B9C520E0050B5AB = {
						CreatedOnToolsVersion = 14.3.1;
						TestTargetID = 5278D7E62B9C520D0050B5AB;
					};
					5278D8062B9C520E0050B5AB = {
						CreatedOnToolsVersion = 14.3.1;
						TestTargetID = 5278D7E62B9C520D0050B5AB;
					};
				};
			};
			buildConfigurationList = 5278D7E22B9C520D0050B5AB /* Build configuration list for PBXProject "IOS_Devlopment_Course" */;
			compatibilityVersion = "Xcode 14.0";
			developmentRegion = en;
			hasScannedForEncodings = 0;
			knownRegions = (
				en,
				Base,
			);
			mainGroup = 5278D7DE2B9C520D0050B5AB;
			productRefGroup = 5278D7E82B9C520D0050B5AB /* Products */;
			projectDirPath = "";
			projectRoot = "";
			targets = (
				5278D7E62B9C520D0050B5AB /* IOS_Devlopment_Course */,
				5278D7FC2B9C520E0050B5AB /* IOS_Devlopment_CourseTests */,
				5278D8062B9C520E0050B5AB /* IOS_Devlopment_CourseUITests */,
			);
		};
/* End PBXProject section */

/* Begin PBXResourcesBuildPhase section */
		5278D7E52B9C520D0050B5AB /* Resources */ = {
			isa = PBXResourcesBuildPhase;
			buildActionMask = 2147483647;
			files = (
				5278D7F72B9C520E0050B5AB /* LaunchScreen.storyboard in Resources */,
				5278D7F42B9C520E0050B5AB /* Assets.xcassets in Resources */,
				5278D7F22B9C520D0050B5AB /* Main.storyboard in Resources */,
			);
			runOnlyForDeploymentPostprocessing = 0;
		};
		5278D7FB2B9C520E0050B5AB /* Resources */ = {
			isa = PBXResourcesBuildPhase;
			buildActionMask = 2147483647;
			files = (
			);
			runOnlyForDeploymentPostprocessing = 0;
		};
		5278D8052B9C520E0050B5AB /* Resources */ = {
			isa = PBXResourcesBuildPhase;
			buildActionMask = 2147483647;
			files = (
			);
			runOnlyForDeploymentPostprocessing = 0;
		};
/* End PBXResourcesBuildPhase section */

/* Begin PBXSourcesBuildPhase section */
		5278D7E32B9C520D0050B5AB /* Sources */ = {
			isa = PBXSourcesBuildPhase;
			buildActionMask = 2147483647;
			files = (
				5278D7EF2B9C520D0050B5AB /* ViewController.swift in Sources */,
				5278D7EB2B9C520D0050B5AB /* AppDelegate.swift in Sources */,
				5278D7ED2B9C520D0050B5AB /* SceneDelegate.swift in Sources */,
			);
			runOnlyForDeploymentPostprocessing = 0;
		};
		5278D7F92B9C520E0050B5AB /* Sources */ = {
			isa = PBXSourcesBuildPhase;
			buildActionMask = 2147483647;
			files = (
				5278D8022B9C520E0050B5AB /* IOS_Devlopment_CourseTests.swift in Sources */,
			);
			runOnlyForDeploymentPostprocessing = 0;
		};
		5278D8032B9C520E0050B5AB /* Sources */ = {
			isa = PBXSourcesBuildPhase;
			buildActionMask = 2147483647;
			files = (
				5278D80C2B9C520E0050B5AB /* IOS_Devlopment_CourseUITests.swift in Sources */,
				5278D80E2B9C520E0050B5AB /* IOS_Devlopment_CourseUITestsLaunchTests.swift in Sources */,
			);
			runOnlyForDeploymentPostprocessing = 0;
		};
/* End PBXSourcesBuildPhase section */

/* Begin PBXTargetDependency section */
		5278D7FF2B9C520E0050B5AB /* PBXTargetDependency */ = {
			isa = PBXTargetDependency;
			target = 5278D7E62B9C520D0050B5AB /* IOS_Devlopment_Course */;
			targetProxy = 5278D7FE2B9C520E0050B5AB /* PBXContainerItemProxy */;
		};
		5278D8092B9C520E0050B5AB /* PBXTargetDependency */ = {
			isa = PBXTargetDependency;
			target = 5278D7E62B9C520D0050B5AB /* IOS_Devlopment_Course */;
			targetProxy = 5278D8082B9C520E0050B5AB /* PBXContainerItemProxy */;
		};
/* End PBXTargetDependency section */

/* Begin PBXVariantGroup section */
		5278D7F02B9C520D0050B5AB /* Main.storyboard */ = {
			isa = PBXVariantGroup;
			children = (
				5278D7F12B9C520D0050B5AB /* Base */,
			);
			name = Main.storyboard;
			sourceTree = "<group>";
		};
		5278D7F52B9C520E0050B5AB /* LaunchScreen.storyboard */ = {
			isa = PBXVariantGroup;
			children = (
				5278D7F62B9C520E0050B5AB /* Base */,
			);
			name = LaunchScreen.storyboard;
			sourceTree = "<group>";
		};
/* End PBXVariantGroup section */

/* Begin XCBuildConfiguration section */
		5278D80F2B9C520E0050B5AB /* Debug */ = {
			isa = XCBuildConfiguration;
			buildSettings = {
				ALWAYS_SEARCH_USER_PATHS = NO;
				CLANG_ANALYZER_NONNULL = YES;
				CLANG_ANALYZER_NUMBER_OBJECT_CONVERSION = YES_AGGRESSIVE;
				CLANG_CXX_LANGUAGE_STANDARD = "gnu++20";
				CLANG_ENABLE_MODULES = YES;
				CLANG_ENABLE_OBJC_ARC = YES;
				CLANG_ENABLE_OBJC_WEAK = YES;
				CLANG_WARN_BLOCK_CAPTURE_AUTORELEASING = YES;
				CLANG_WARN_BOOL_CONVERSION = YES;
				CLANG_WARN_COMMA = YES;
				CLANG_WARN_CONSTANT_CONVERSION = YES;
				CLANG_WARN_DEPRECATED_OBJC_IMPLEMENTATIONS = YES;
				CLANG_WARN_DIRECT_OBJC_ISA_USAGE = YES_ERROR;
				CLANG_WARN_DOCUMENTATION_COMMENTS = YES;
				CLANG_WARN_EMPTY_BODY = YES;
				CLANG_WARN_ENUM_CONVERSION = YES;
				CLANG_WARN_INFINITE_RECURSION = YES;
				CLANG_WARN_INT_CONVERSION = YES;
				CLANG_WARN_NON_LITERAL_NULL_CONVERSION = YES;
				CLANG_WARN_OBJC_IMPLICIT_RETAIN_SELF = YES;
				CLANG_WARN_OBJC_LITERAL_CONVERSION = YES;
				CLANG_WARN_OBJC_ROOT_CLASS = YES_ERROR;
				CLANG_WARN_QUOTED_INCLUDE_IN_FRAMEWORK_HEADER = YES;
				CLANG_WARN_RANGE_LOOP_ANALYSIS = YES;
				CLANG_WARN_STRICT_PROTOTYPES = YES;
				CLANG_WARN_SUSPICIOUS_MOVE = YES;
				CLANG_WARN_UNGUARDED_AVAILABILITY = YES_AGGRESSIVE;
				CLANG_WARN_UNREACHABLE_CODE = YES;
				CLANG_WARN__DUPLICATE_METHOD_MATCH = YES;
				COPY_PHASE_STRIP = NO;
				DEBUG_INFORMATION_FORMAT = dwarf;
				ENABLE_STRICT_OBJC_MSGSEND = YES;
				ENABLE_TESTABILITY = YES;
				GCC_C_LANGUAGE_STANDARD = gnu11;
				GCC_DYNAMIC_NO_PIC = NO;
				GCC_NO_COMMON_BLOCKS = YES;
				GCC_OPTIMIZATION_LEVEL = 0;
				GCC_PREPROCESSOR_DEFINITIONS = (
					"DEBUG=1",
					"$(inherited)",
				);
				GCC_WARN_64_TO_32_BIT_CONVERSION = YES;
				GCC_WARN_ABOUT_RETURN_TYPE = YES_ERROR;
				GCC_WARN_UNDECLARED_SELECTOR = YES;
				GCC_WARN_UNINITIALIZED_AUTOS = YES_AGGRESSIVE;
				GCC_WARN_UNUSED_FUNCTION = YES;
				GCC_WARN_UNUSED_VARIABLE = YES;
				IPHONEOS_DEPLOYMENT_TARGET = 16.4;
				MTL_ENABLE_DEBUG_INFO = INCLUDE_SOURCE;
				MTL_FAST_MATH = YES;
				ONLY_ACTIVE_ARCH = YES;
				SDKROOT = iphoneos;
				SWIFT_ACTIVE_COMPILATION_CONDITIONS = DEBUG;
				SWIFT_OPTIMIZATION_LEVEL = "-Onone";
			};
			name = Debug;
		};
		5278D8102B9C520E0050B5AB /* Release */ = {
			isa = XCBuildConfiguration;
			buildSettings = {
				ALWAYS_SEARCH_USER_PATHS = NO;
				CLANG_ANALYZER_NONNULL = YES;
				CLANG_ANALYZER_NUMBER_OBJECT_CONVERSION = YES_AGGRESSIVE;
				CLANG_CXX_LANGUAGE_STANDARD = "gnu++20";
				CLANG_ENABLE_MODULES = YES;
				CLANG_ENABLE_OBJC_ARC = YES;
				CLANG_ENABLE_OBJC_WEAK = YES;
				CLANG_WARN_BLOCK_CAPTURE_AUTORELEASING = YES;
				CLANG_WARN_BOOL_CONVERSION = YES;
				CLANG_WARN_COMMA = YES;
				CLANG_WARN_CONSTANT_CONVERSION = YES;
				CLANG_WARN_DEPRECATED_OBJC_IMPLEMENTATIONS = YES;
				CLANG_WARN_DIRECT_OBJC_ISA_USAGE = YES_ERROR;
				CLANG_WARN_DOCUMENTATION_COMMENTS = YES;
				CLANG_WARN_EMPTY_BODY = YES;
				CLANG_WARN_ENUM_CONVERSION = YES;
				CLANG_WARN_INFINITE_RECURSION = YES;
				CLANG_WARN_INT_CONVERSION = YES;
				CLANG_WARN_NON_LITERAL_NULL_CONVERSION = YES;
				CLANG_WARN_OBJC_IMPLICIT_RETAIN_SELF = YES;
				CLANG_WARN_OBJC_LITERAL_CONVERSION = YES;
				CLANG_WARN_OBJC_ROOT_CLASS = YES_ERROR;
				CLANG_WARN_QUOTED_INCLUDE_IN_FRAMEWORK_HEADER = YES;
				CLANG_WARN_RANGE_LOOP_ANALYSIS = YES;
				CLANG_WARN_STRICT_PROTOTYPES = YES;
				CLANG_WARN_SUSPICIOUS_MOVE = YES;
				CLANG_WARN_UNGUARDED_AVAILABILITY = YES_AGGRESSIVE;
				CLANG_WARN_UNREACHABLE_CODE = YES;
				CLANG_WARN__DUPLICATE_METHOD_MATCH = YES;
				COPY_PHASE_STRIP = NO;
				DEBUG_INFORMATION_FORMAT = "dwarf-with-dsym";
				ENABLE_NS_ASSERTIONS = NO;
				ENABLE_STRICT_OBJC_MSGSEND = YES;
				GCC_C_LANGUAGE_STANDARD = gnu11;
				GCC_NO_COMMON_BLOCKS = YES;
				GCC_WARN_64_TO_32_BIT_CONVERSION = YES;
				GCC_WARN_ABOUT_RETURN_TYPE = YES_ERROR;
				GCC_WARN_UNDECLARED_SELECTOR = YES;
				GCC_WARN_UNINITIALIZED_AUTOS = YES_AGGRESSIVE;
				GCC_WARN_UNUSED_FUNCTION = YES;
				GCC_WARN_UNUSED_VARIABLE = YES;
				IPHONEOS_DEPLOYMENT_TARGET = 16.4;
				MTL_ENABLE_DEBUG_INFO = NO;
				MTL_FAST_MATH = YES;
				SDKROOT = iphoneos;
				SWIFT_COMPILATION_MODE = wholemodule;
				SWIFT_OPTIMIZATION_LEVEL = "-O";
				VALIDATE_PRODUCT = YES;
			};
			name = Release;
		};
		5278D8122B9C520E0050B5AB /* Debug */ = {
			isa = XCBuildConfiguration;
			buildSettings = {
				ASSETCATALOG_COMPILER_APPICON_NAME = AppIcon;
				"ASSETCATALOG_COMPILER_APPICON_NAME[sdk=iphoneos*]" = AppIcon;
				ASSETCATALOG_COMPILER_GLOBAL_ACCENT_COLOR_NAME = AccentColor;
				ASSETCATALOG_COMPILER_INCLUDE_ALL_APPICON_ASSETS = NO;
				CODE_SIGN_STYLE = Automatic;
				CURRENT_PROJECT_VERSION = 1;
				GENERATE_INFOPLIST_FILE = YES;
				INFOPLIST_FILE = IOS_Devlopment_Course/Info.plist;
				INFOPLIST_KEY_CFBundleDisplayName = IOS_Development_HengNenghak;
				INFOPLIST_KEY_UIApplicationSupportsIndirectInputEvents = YES;
				INFOPLIST_KEY_UILaunchStoryboardName = LaunchScreen;
				INFOPLIST_KEY_UIMainStoryboardFile = Main;
				INFOPLIST_KEY_UISupportedInterfaceOrientations_iPad = "UIInterfaceOrientationPortrait UIInterfaceOrientationPortraitUpsideDown UIInterfaceOrientationLandscapeLeft UIInterfaceOrientationLandscapeRight";
				INFOPLIST_KEY_UISupportedInterfaceOrientations_iPhone = "UIInterfaceOrientationPortrait UIInterfaceOrientationLandscapeLeft UIInterfaceOrientationLandscapeRight";
				LD_RUNPATH_SEARCH_PATHS = (
					"$(inherited)",
					"@executable_path/Frameworks",
				);
				MARKETING_VERSION = 1.0;
				PRODUCT_BUNDLE_IDENTIFIER = "ios-development-course.IOS-Devlopment-Course";
				PRODUCT_NAME = "$(TARGET_NAME)";
				SWIFT_EMIT_LOC_STRINGS = YES;
				SWIFT_VERSION = 5.0;
				TARGETED_DEVICE_FAMILY = "1,2";
			};
			name = Debug;
		};
		5278D8132B9C520E0050B5AB /* Release */ = {
			isa = XCBuildConfiguration;
			buildSettings = {
				ASSETCATALOG_COMPILER_APPICON_NAME = AppIcon;
				ASSETCATALOG_COMPILER_GLOBAL_ACCENT_COLOR_NAME = AccentColor;
				ASSETCATALOG_COMPILER_INCLUDE_ALL_APPICON_ASSETS = NO;
				CODE_SIGN_STYLE = Automatic;
				CURRENT_PROJECT_VERSION = 1;
				GENERATE_INFOPLIST_FILE = YES;
				INFOPLIST_FILE = IOS_Devlopment_Course/Info.plist;
				INFOPLIST_KEY_CFBundleDisplayName = IOS_Development_HengNenghak;
				INFOPLIST_KEY_UIApplicationSupportsIndirectInputEvents = YES;
				INFOPLIST_KEY_UILaunchStoryboardName = LaunchScreen;
				INFOPLIST_KEY_UIMainStoryboardFile = Main;
				INFOPLIST_KEY_UISupportedInterfaceOrientations_iPad = "UIInterfaceOrientationPortrait UIInterfaceOrientationPortraitUpsideDown UIInterfaceOrientationLandscapeLeft UIInterfaceOrientationLandscapeRight";
				INFOPLIST_KEY_UISupportedInterfaceOrientations_iPhone = "UIInterfaceOrientationPortrait UIInterfaceOrientationLandscapeLeft UIInterfaceOrientationLandscapeRight";
				LD_RUNPATH_SEARCH_PATHS = (
					"$(inherited)",
					"@executable_path/Frameworks",
				);
				MARKETING_VERSION = 1.0;
				PRODUCT_BUNDLE_IDENTIFIER = "ios-development-course.IOS-Devlopment-Course";
				PRODUCT_NAME = "$(TARGET_NAME)";
				SWIFT_EMIT_LOC_STRINGS = YES;
				SWIFT_VERSION = 5.0;
				TARGETED_DEVICE_FAMILY = "1,2";
			};
			name = Release;
		};
		5278D8152B9C520E0050B5AB /* Debug */ = {
			isa = XCBuildConfiguration;
			buildSettings = {
				ALWAYS_EMBED_SWIFT_STANDARD_LIBRARIES = YES;
				BUNDLE_LOADER = "$(TEST_HOST)";
				CODE_SIGN_STYLE = Automatic;
				CURRENT_PROJECT_VERSION = 1;
				GENERATE_INFOPLIST_FILE = YES;
				IPHONEOS_DEPLOYMENT_TARGET = 16.4;
				MARKETING_VERSION = 1.0;
				PRODUCT_BUNDLE_IDENTIFIER = "ios-development-course.IOS-Devlopment-CourseTests";
				PRODUCT_NAME = "$(TARGET_NAME)";
				SWIFT_EMIT_LOC_STRINGS = NO;
				SWIFT_VERSION = 5.0;
				TARGETED_DEVICE_FAMILY = "1,2";
				TEST_HOST = "$(BUILT_PRODUCTS_DIR)/IOS_Devlopment_Course.app/$(BUNDLE_EXECUTABLE_FOLDER_PATH)/IOS_Devlopment_Course";
			};
			name = Debug;
		};
		5278D8162B9C520E0050B5AB /* Release */ = {
			isa = XCBuildConfiguration;
			buildSettings = {
				ALWAYS_EMBED_SWIFT_STANDARD_LIBRARIES = YES;
				BUNDLE_LOADER = "$(TEST_HOST)";
				CODE_SIGN_STYLE = Automatic;
				CURRENT_PROJECT_VERSION = 1;
				GENERATE_INFOPLIST_FILE = YES;
				IPHONEOS_DEPLOYMENT_TARGET = 16.4;
				MARKETING_VERSION = 1.0;
				PRODUCT_BUNDLE_IDENTIFIER = "ios-development-course.IOS-Devlopment-CourseTests";
				PRODUCT_NAME = "$(TARGET_NAME)";
				SWIFT_EMIT_LOC_STRINGS = NO;
				SWIFT_VERSION = 5.0;
				TARGETED_DEVICE_FAMILY = "1,2";
				TEST_HOST = "$(BUILT_PRODUCTS_DIR)/IOS_Devlopment_Course.app/$(BUNDLE_EXECUTABLE_FOLDER_PATH)/IOS_Devlopment_Course";
			};
			name = Release;
		};
		5278D8182B9C520E0050B5AB /* Debug */ = {
			isa = XCBuildConfiguration;
			buildSettings = {
				ALWAYS_EMBED_SWIFT_STANDARD_LIBRARIES = YES;
				CODE_SIGN_STYLE = Automatic;
				CURRENT_PROJECT_VERSION = 1;
				GENERATE_INFOPLIST_FILE = YES;
				MARKETING_VERSION = 1.0;
				PRODUCT_BUNDLE_IDENTIFIER = "ios-development-course.IOS-Devlopment-CourseUITests";
				PRODUCT_NAME = "$(TARGET_NAME)";
				SWIFT_EMIT_LOC_STRINGS = NO;
				SWIFT_VERSION = 5.0;
				TARGETED_DEVICE_FAMILY = "1,2";
				TEST_TARGET_NAME = IOS_Devlopment_Course;
			};
			name = Debug;
		};
		5278D8192B9C520E0050B5AB /* Release */ = {
			isa = XCBuildConfiguration;
			buildSettings = {
				ALWAYS_EMBED_SWIFT_STANDARD_LIBRARIES = YES;
				CODE_SIGN_STYLE = Automatic;
				CURRENT_PROJECT_VERSION = 1;
				GENERATE_INFOPLIST_FILE = YES;
				MARKETING_VERSION = 1.0;
				PRODUCT_BUNDLE_IDENTIFIER = "ios-development-course.IOS-Devlopment-CourseUITests";
				PRODUCT_NAME = "$(TARGET_NAME)";
				SWIFT_EMIT_LOC_STRINGS = NO;
				SWIFT_VERSION = 5.0;
				TARGETED_DEVICE_FAMILY = "1,2";
				TEST_TARGET_NAME = IOS_Devlopment_Course;
			};
			name = Release;
		};
/* End XCBuildConfiguration section */

/* Begin XCConfigurationList section */
		5278D7E22B9C520D0050B5AB /* Build configuration list for PBXProject "IOS_Devlopment_Course" */ = {
			isa = XCConfigurationList;
			buildConfigurations = (
				5278D80F2B9C520E0050B5AB /* Debug */,
				5278D8102B9C520E0050B5AB /* Release */,
			);
			defaultConfigurationIsVisible = 0;
			defaultConfigurationName = Release;
		};
		5278D8112B9C520E0050B5AB /* Build configuration list for PBXNativeTarget "IOS_Devlopment_Course" */ = {
			isa = XCConfigurationList;
			buildConfigurations = (
				5278D8122B9C520E0050B5AB /* Debug */,
				5278D8132B9C520E0050B5AB /* Release */,
			);
			defaultConfigurationIsVisible = 0;
			defaultConfigurationName = Release;
		};
		5278D8142B9C520E0050B5AB /* Build configuration list for PBXNativeTarget "IOS_Devlopment_CourseTests" */ = {
			isa = XCConfigurationList;
			buildConfigurations = (
				5278D8152B9C520E0050B5AB /* Debug */,
				5278D8162B9C520E0050B5AB /* Release */,
			);
			defaultConfigurationIsVisible = 0;
			defaultConfigurationName = Release;
		};
		5278D8172B9C520E0050B5AB /* Build configuration list for PBXNativeTarget "IOS_Devlopment_CourseUITests" */ = {
			isa = XCConfigurationList;
			buildConfigurations = (
				5278D8182B9C520E0050B5AB /* Debug */,
				5278D8192B9C520E0050B5AB /* Release */,
			);
			defaultConfigurationIsVisible = 0;
			defaultConfigurationName = Release;
		};
/* End XCConfigurationList section */
	};
	rootObject = 5278D7DF2B9C520D0050B5AB /* Project object */;
}
